
Microsoft Visual Studio Solution File, Format Version 10.00
# Visual Studio 2008
Project("{8BC9CEB8-8B4A-11D0-8D11-00A0C91BC942}") = "FuncKeys", "FuncKeys\FuncKeys.vcproj", "{70FFBBCA-E326-44C2-88D3-33B4DEB74B70}"
EndProject
Project("{8BC9CEB8-8B4A-11D0-8D11-00A0C91BC942}") = "FuncKeysCPL", "FuncKeysCPL\FuncKeysCPL.vcproj", "{8172B53A-284B-4E4A-BCBA-CC75A2078B18}"
EndProject
Project("{8BC9CEB8-8B4A-11D0-8D11-00A0C91BC942}") = "FuncKeysUnreg", "FuncKeysUnreg\FuncKeysUnreg.vcproj", "{4FB8260A-E940-488A-BAC8-26E7127E9CC2}"
EndProject
Global
	GlobalSection(SolutionConfigurationPlatforms) = preSolution
		Debug|iCE-Premium (ARMV4I) = Debug|iCE-Premium (ARMV4I)
		Debug|Motorola MC3100c60 Windows CE6.0 PSDK (ARMV4I) = Debug|Motorola MC3100c60 Windows CE6.0 PSDK (ARMV4I)
		Debug|Pocket PC 2003 (ARMV4) = Debug|Pocket PC 2003 (ARMV4)
		Debug|Smartphone 2003 (ARMV4) = Debug|Smartphone 2003 (ARMV4)
		Debug|STANDARDSDK_420 (ARMV4I) = Debug|STANDARDSDK_420 (ARMV4I)
		Debug|STANDARDSDK_500 (ARMV4I) = Debug|STANDARDSDK_500 (ARMV4I)
		Debug|Windows Mobile 5.0 Pocket PC SDK (ARMV4I) = Debug|Windows Mobile 5.0 Pocket PC SDK (ARMV4I)
		Debug|Windows Mobile 5.0 Smartphone SDK (ARMV4I) = Debug|Windows Mobile 5.0 Smartphone SDK (ARMV4I)
		Debug|Windows Mobile 6 Professional SDK (ARMV4I) = Debug|Windows Mobile 6 Professional SDK (ARMV4I)
		Debug|Windows Mobile 6 Standard SDK (ARMV4I) = Debug|Windows Mobile 6 Standard SDK (ARMV4I)
		Debug|Windows Mobile 6.5.3 Professional DTK (ARMV4I) = Debug|Windows Mobile 6.5.3 Professional DTK (ARMV4I)
		Release|iCE-Premium (ARMV4I) = Release|iCE-Premium (ARMV4I)
		Release|Motorola MC3100c60 Windows CE6.0 PSDK (ARMV4I) = Release|Motorola MC3100c60 Windows CE6.0 PSDK (ARMV4I)
		Release|Pocket PC 2003 (ARMV4) = Release|Pocket PC 2003 (ARMV4)
		Release|Smartphone 2003 (ARMV4) = Release|Smartphone 2003 (ARMV4)
		Release|STANDARDSDK_420 (ARMV4I) = Release|STANDARDSDK_420 (ARMV4I)
		Release|STANDARDSDK_500 (ARMV4I) = Release|STANDARDSDK_500 (ARMV4I)
		Release|Windows Mobile 5.0 Pocket PC SDK (ARMV4I) = Release|Windows Mobile 5.0 Pocket PC SDK (ARMV4I)
		Release|Windows Mobile 5.0 Smartphone SDK (ARMV4I) = Release|Windows Mobile 5.0 Smartphone SDK (ARMV4I)
		Release|Windows Mobile 6 Professional SDK (ARMV4I) = Release|Windows Mobile 6 Professional SDK (ARMV4I)
		Release|Windows Mobile 6 Standard SDK (ARMV4I) = Release|Windows Mobile 6 Standard SDK (ARMV4I)
		Release|Windows Mobile 6.5.3 Professional DTK (ARMV4I) = Release|Windows Mobile 6.5.3 Professional DTK (ARMV4I)
	EndGlobalSection
	GlobalSection(ProjectConfigurationPlatforms) = postSolution
		{70FFBBCA-E326-44C2-88D3-33B4DEB74B70}.Debug|iCE-Premium (ARMV4I).ActiveCfg = Debug|iCE-Premium (ARMV4I)
		{70FFBBCA-E326-44C2-88D3-33B4DEB74B70}.Debug|iCE-Premium (ARMV4I).Build.0 = Debug|iCE-Premium (ARMV4I)
		{70FFBBCA-E326-44C2-88D3-33B4DEB74B70}.Debug|iCE-Premium (ARMV4I).Deploy.0 = Debug|iCE-Premium (ARMV4I)
		{70FFBBCA-E326-44C2-88D3-33B4DEB74B70}.Debug|Motorola MC3100c60 Windows CE6.0 PSDK (ARMV4I).ActiveCfg = Debug|Motorola MC3100c60 Windows CE6.0 PSDK (ARMV4I)
		{70FFBBCA-E326-44C2-88D3-33B4DEB74B70}.Debug|Motorola MC3100c60 Windows CE6.0 PSDK (ARMV4I).Build.0 = Debug|Motorola MC3100c60 Windows CE6.0 PSDK (ARMV4I)
		{70FFBBCA-E326-44C2-88D3-33B4DEB74B70}.Debug|Motorola MC3100c60 Windows CE6.0 PSDK (ARMV4I).Deploy.0 = Debug|Motorola MC3100c60 Windows CE6.0 PSDK (ARMV4I)
		{70FFBBCA-E326-44C2-88D3-33B4DEB74B70}.Debug|Pocket PC 2003 (ARMV4).ActiveCfg = Debug|Pocket PC 2003 (ARMV4)
		{70FFBBCA-E326-44C2-88D3-33B4DEB74B70}.Debug|Pocket PC 2003 (ARMV4).Build.0 = Debug|Pocket PC 2003 (ARMV4)
		{70FFBBCA-E326-44C2-88D3-33B4DEB74B70}.Debug|Pocket PC 2003 (ARMV4).Deploy.0 = Debug|Pocket PC 2003 (ARMV4)
		{70FFBBCA-E326-44C2-88D3-33B4DEB74B70}.Debug|Smartphone 2003 (ARMV4).ActiveCfg = Debug|Smartphone 2003 (ARMV4)
		{70FFBBCA-E326-44C2-88D3-33B4DEB74B70}.Debug|Smartphone 2003 (ARMV4).Build.0 = Debug|Smartphone 2003 (ARMV4)
		{70FFBBCA-E326-44C2-88D3-33B4DEB74B70}.Debug|Smartphone 2003 (ARMV4).Deploy.0 = Debug|Smartphone 2003 (ARMV4)
		{70FFBBCA-E326-44C2-88D3-33B4DEB74B70}.Debug|STANDARDSDK_420 (ARMV4I).ActiveCfg = Debug|STANDARDSDK_420 (ARMV4I)
		{70FFBBCA-E326-44C2-88D3-33B4DEB74B70}.Debug|STANDARDSDK_420 (ARMV4I).Build.0 = Debug|STANDARDSDK_420 (ARMV4I)
		{70FFBBCA-E326-44C2-88D3-33B4DEB74B70}.Debug|STANDARDSDK_420 (ARMV4I).Deploy.0 = Debug|STANDARDSDK_420 (ARMV4I)
		{70FFBBCA-E326-44C2-88D3-33B4DEB74B70}.Debug|STANDARDSDK_500 (ARMV4I).ActiveCfg = Debug|STANDARDSDK_500 (ARMV4I)
		{70FFBBCA-E326-44C2-88D3-33B4DEB74B70}.Debug|STANDARDSDK_500 (ARMV4I).Build.0 = Debug|STANDARDSDK_500 (ARMV4I)
		{70FFBBCA-E326-44C2-88D3-33B4DEB74B70}.Debug|STANDARDSDK_500 (ARMV4I).Deploy.0 = Debug|STANDARDSDK_500 (ARMV4I)
		{70FFBBCA-E326-44C2-88D3-33B4DEB74B70}.Debug|Windows Mobile 5.0 Pocket PC SDK (ARMV4I).ActiveCfg = Debug|Windows Mobile 5.0 Pocket PC SDK (ARMV4I)
		{70FFBBCA-E326-44C2-88D3-33B4DEB74B70}.Debug|Windows Mobile 5.0 Pocket PC SDK (ARMV4I).Build.0 = Debug|Windows Mobile 5.0 Pocket PC SDK (ARMV4I)
		{70FFBBCA-E326-44C2-88D3-33B4DEB74B70}.Debug|Windows Mobile 5.0 Pocket PC SDK (ARMV4I).Deploy.0 = Debug|Windows Mobile 5.0 Pocket PC SDK (ARMV4I)
		{70FFBBCA-E326-44C2-88D3-33B4DEB74B70}.Debug|Windows Mobile 5.0 Smartphone SDK (ARMV4I).ActiveCfg = Debug|Windows Mobile 5.0 Smartphone SDK (ARMV4I)
		{70FFBBCA-E326-44C2-88D3-33B4DEB74B70}.Debug|Windows Mobile 5.0 Smartphone SDK (ARMV4I).Build.0 = Debug|Windows Mobile 5.0 Smartphone SDK (ARMV4I)
		{70FFBBCA-E326-44C2-88D3-33B4DEB74B70}.Debug|Windows Mobile 5.0 Smartphone SDK (ARMV4I).Deploy.0 = Debug|Windows Mobile 5.0 Smartphone SDK (ARMV4I)
		{70FFBBCA-E326-44C2-88D3-33B4DEB74B70}.Debug|Windows Mobile 6 Professional SDK (ARMV4I).ActiveCfg = Debug|Windows Mobile 6 Professional SDK (ARMV4I)
		{70FFBBCA-E326-44C2-88D3-33B4DEB74B70}.Debug|Windows Mobile 6 Professional SDK (ARMV4I).Build.0 = Debug|Windows Mobile 6 Professional SDK (ARMV4I)
		{70FFBBCA-E326-44C2-88D3-33B4DEB74B70}.Debug|Windows Mobile 6 Professional SDK (ARMV4I).Deploy.0 = Debug|Windows Mobile 6 Professional SDK (ARMV4I)
		{70FFBBCA-E326-44C2-88D3-33B4DEB74B70}.Debug|Windows Mobile 6 Standard SDK (ARMV4I).ActiveCfg = Debug|Windows Mobile 6 Standard SDK (ARMV4I)
		{70FFBBCA-E326-44C2-88D3-33B4DEB74B70}.Debug|Windows Mobile 6 Standard SDK (ARMV4I).Build.0 = Debug|Windows Mobile 6 Standard SDK (ARMV4I)
		{70FFBBCA-E326-44C2-88D3-33B4DEB74B70}.Debug|Windows Mobile 6 Standard SDK (ARMV4I).Deploy.0 = Debug|Windows Mobile 6 Standard SDK (ARMV4I)
		{70FFBBCA-E326-44C2-88D3-33B4DEB74B70}.Debug|Windows Mobile 6.5.3 Professional DTK (ARMV4I).ActiveCfg = Debug|Windows Mobile 6.5.3 Professional DTK (ARMV4I)
		{70FFBBCA-E326-44C2-88D3-33B4DEB74B70}.Debug|Windows Mobile 6.5.3 Professional DTK (ARMV4I).Build.0 = Debug|Windows Mobile 6.5.3 Professional DTK (ARMV4I)
		{70FFBBCA-E326-44C2-88D3-33B4DEB74B70}.Debug|Windows Mobile 6.5.3 Professional DTK (ARMV4I).Deploy.0 = Debug|Windows Mobile 6.5.3 Professional DTK (ARMV4I)
		{70FFBBCA-E326-44C2-88D3-33B4DEB74B70}.Release|iCE-Premium (ARMV4I).ActiveCfg = Release|iCE-Premium (ARMV4I)
		{70FFBBCA-E326-44C2-88D3-33B4DEB74B70}.Release|iCE-Premium (ARMV4I).Build.0 = Release|iCE-Premium (ARMV4I)
		{70FFBBCA-E326-44C2-88D3-33B4DEB74B70}.Release|iCE-Premium (ARMV4I).Deploy.0 = Release|iCE-Premium (ARMV4I)
		{70FFBBCA-E326-44C2-88D3-33B4DEB74B70}.Release|Motorola MC3100c60 Windows CE6.0 PSDK (ARMV4I).ActiveCfg = Release|Motorola MC3100c60 Windows CE6.0 PSDK (ARMV4I)
		{70FFBBCA-E326-44C2-88D3-33B4DEB74B70}.Release|Motorola MC3100c60 Windows CE6.0 PSDK (ARMV4I).Build.0 = Release|Motorola MC3100c60 Windows CE6.0 PSDK (ARMV4I)
		{70FFBBCA-E326-44C2-88D3-33B4DEB74B70}.Release|Motorola MC3100c60 Windows CE6.0 PSDK (ARMV4I).Deploy.0 = Release|Motorola MC3100c60 Windows CE6.0 PSDK (ARMV4I)
		{70FFBBCA-E326-44C2-88D3-33B4DEB74B70}.Release|Pocket PC 2003 (ARMV4).ActiveCfg = Release|Pocket PC 2003 (ARMV4)
		{70FFBBCA-E326-44C2-88D3-33B4DEB74B70}.Release|Pocket PC 2003 (ARMV4).Build.0 = Release|Pocket PC 2003 (ARMV4)
		{70FFBBCA-E326-44C2-88D3-33B4DEB74B70}.Release|Pocket PC 2003 (ARMV4).Deploy.0 = Release|Pocket PC 2003 (ARMV4)
		{70FFBBCA-E326-44C2-88D3-33B4DEB74B70}.Release|Smartphone 2003 (ARMV4).ActiveCfg = Release|Smartphone 2003 (ARMV4)
		{70FFBBCA-E326-44C2-88D3-33B4DEB74B70}.Release|Smartphone 2003 (ARMV4).Build.0 = Release|Smartphone 2003 (ARMV4)
		{70FFBBCA-E326-44C2-88D3-33B4DEB74B70}.Release|Smartphone 2003 (ARMV4).Deploy.0 = Release|Smartphone 2003 (ARMV4)
		{70FFBBCA-E326-44C2-88D3-33B4DEB74B70}.Release|STANDARDSDK_420 (ARMV4I).ActiveCfg = Release|STANDARDSDK_420 (ARMV4I)
		{70FFBBCA-E326-44C2-88D3-33B4DEB74B70}.Release|STANDARDSDK_420 (ARMV4I).Build.0 = Release|STANDARDSDK_420 (ARMV4I)
		{70FFBBCA-E326-44C2-88D3-33B4DEB74B70}.Release|STANDARDSDK_420 (ARMV4I).Deploy.0 = Release|STANDARDSDK_420 (ARMV4I)
		{70FFBBCA-E326-44C2-88D3-33B4DEB74B70}.Release|STANDARDSDK_500 (ARMV4I).ActiveCfg = Release|STANDARDSDK_500 (ARMV4I)
		{70FFBBCA-E326-44C2-88D3-33B4DEB74B70}.Release|STANDARDSDK_500 (ARMV4I).Build.0 = Release|STANDARDSDK_500 (ARMV4I)
		{70FFBBCA-E326-44C2-88D3-33B4DEB74B70}.Release|STANDARDSDK_500 (ARMV4I).Deploy.0 = Release|STANDARDSDK_500 (ARMV4I)
		{70FFBBCA-E326-44C2-88D3-33B4DEB74B70}.Release|Windows Mobile 5.0 Pocket PC SDK (ARMV4I).ActiveCfg = Release|Windows Mobile 5.0 Pocket PC SDK (ARMV4I)
		{70FFBBCA-E326-44C2-88D3-33B4DEB74B70}.Release|Windows Mobile 5.0 Pocket PC SDK (ARMV4I).Build.0 = Release|Windows Mobile 5.0 Pocket PC SDK (ARMV4I)
		{70FFBBCA-E326-44C2-88D3-33B4DEB74B70}.Release|Windows Mobile 5.0 Pocket PC SDK (ARMV4I).Deploy.0 = Release|Windows Mobile 5.0 Pocket PC SDK (ARMV4I)
		{70FFBBCA-E326-44C2-88D3-33B4DEB74B70}.Release|Windows Mobile 5.0 Smartphone SDK (ARMV4I).ActiveCfg = Release|Windows Mobile 5.0 Smartphone SDK (ARMV4I)
		{70FFBBCA-E326-44C2-88D3-33B4DEB74B70}.Release|Windows Mobile 5.0 Smartphone SDK (ARMV4I).Build.0 = Release|Windows Mobile 5.0 Smartphone SDK (ARMV4I)
		{70FFBBCA-E326-44C2-88D3-33B4DEB74B70}.Release|Windows Mobile 5.0 Smartphone SDK (ARMV4I).Deploy.0 = Release|Windows Mobile 5.0 Smartphone SDK (ARMV4I)
		{70FFBBCA-E326-44C2-88D3-33B4DEB74B70}.Release|Windows Mobile 6 Professional SDK (ARMV4I).ActiveCfg = Release|Windows Mobile 6 Professional SDK (ARMV4I)
		{70FFBBCA-E326-44C2-88D3-33B4DEB74B70}.Release|Windows Mobile 6 Professional SDK (ARMV4I).Build.0 = Release|Windows Mobile 6 Professional SDK (ARMV4I)
		{70FFBBCA-E326-44C2-88D3-33B4DEB74B70}.Release|Windows Mobile 6 Professional SDK (ARMV4I).Deploy.0 = Release|Windows Mobile 6 Professional SDK (ARMV4I)
		{70FFBBCA-E326-44C2-88D3-33B4DEB74B70}.Release|Windows Mobile 6 Standard SDK (ARMV4I).ActiveCfg = Release|Windows Mobile 6 Standard SDK (ARMV4I)
		{70FFBBCA-E326-44C2-88D3-33B4DEB74B70}.Release|Windows Mobile 6 Standard SDK (ARMV4I).Build.0 = Release|Windows Mobile 6 Standard SDK (ARMV4I)
		{70FFBBCA-E326-44C2-88D3-33B4DEB74B70}.Release|Windows Mobile 6 Standard SDK (ARMV4I).Deploy.0 = Release|Windows Mobile 6 Standard SDK (ARMV4I)
		{70FFBBCA-E326-44C2-88D3-33B4DEB74B70}.Release|Windows Mobile 6.5.3 Professional DTK (ARMV4I).ActiveCfg = Release|Windows Mobile 6.5.3 Professional DTK (ARMV4I)
		{70FFBBCA-E326-44C2-88D3-33B4DEB74B70}.Release|Windows Mobile 6.5.3 Professional DTK (ARMV4I).Build.0 = Release|Windows Mobile 6.5.3 Professional DTK (ARMV4I)
		{70FFBBCA-E326-44C2-88D3-33B4DEB74B70}.Release|Windows Mobile 6.5.3 Professional DTK (ARMV4I).Deploy.0 = Release|Windows Mobile 6.5.3 Professional DTK (ARMV4I)
		{8172B53A-284B-4E4A-BCBA-CC75A2078B18}.Debug|iCE-Premium (ARMV4I).ActiveCfg = Debug|iCE-Premium (ARMV4I)
		{8172B53A-284B-4E4A-BCBA-CC75A2078B18}.Debug|iCE-Premium (ARMV4I).Build.0 = Debug|iCE-Premium (ARMV4I)
		{8172B53A-284B-4E4A-BCBA-CC75A2078B18}.Debug|iCE-Premium (ARMV4I).Deploy.0 = Debug|iCE-Premium (ARMV4I)
		{8172B53A-284B-4E4A-BCBA-CC75A2078B18}.Debug|Motorola MC3100c60 Windows CE6.0 PSDK (ARMV4I).ActiveCfg = Debug|Motorola MC3100c60 Windows CE6.0 PSDK (ARMV4I)
		{8172B53A-284B-4E4A-BCBA-CC75A2078B18}.Debug|Motorola MC3100c60 Windows CE6.0 PSDK (ARMV4I).Build.0 = Debug|Motorola MC3100c60 Windows CE6.0 PSDK (ARMV4I)
		{8172B53A-284B-4E4A-BCBA-CC75A2078B18}.Debug|Motorola MC3100c60 Windows CE6.0 PSDK (ARMV4I).Deploy.0 = Debug|Motorola MC3100c60 Windows CE6.0 PSDK (ARMV4I)
		{8172B53A-284B-4E4A-BCBA-CC75A2078B18}.Debug|Pocket PC 2003 (ARMV4).ActiveCfg = Debug|Pocket PC 2003 (ARMV4)
		{8172B53A-284B-4E4A-BCBA-CC75A2078B18}.Debug|Pocket PC 2003 (ARMV4).Build.0 = Debug|Pocket PC 2003 (ARMV4)
		{8172B53A-284B-4E4A-BCBA-CC75A2078B18}.Debug|Pocket PC 2003 (ARMV4).Deploy.0 = Debug|Pocket PC 2003 (ARMV4)
		{8172B53A-284B-4E4A-BCBA-CC75A2078B18}.Debug|Smartphone 2003 (ARMV4).ActiveCfg = Debug|Smartphone 2003 (ARMV4)
		{8172B53A-284B-4E4A-BCBA-CC75A2078B18}.Debug|Smartphone 2003 (ARMV4).Build.0 = Debug|Smartphone 2003 (ARMV4)
		{8172B53A-284B-4E4A-BCBA-CC75A2078B18}.Debug|Smartphone 2003 (ARMV4).Deploy.0 = Debug|Smartphone 2003 (ARMV4)
		{8172B53A-284B-4E4A-BCBA-CC75A2078B18}.Debug|STANDARDSDK_420 (ARMV4I).ActiveCfg = Debug|STANDARDSDK_420 (ARMV4I)
		{8172B53A-284B-4E4A-BCBA-CC75A2078B18}.Debug|STANDARDSDK_420 (ARMV4I).Build.0 = Debug|STANDARDSDK_420 (ARMV4I)
		{8172B53A-284B-4E4A-BCBA-CC75A2078B18}.Debug|STANDARDSDK_420 (ARMV4I).Deploy.0 = Debug|STANDARDSDK_420 (ARMV4I)
		{8172B53A-284B-4E4A-BCBA-CC75A2078B18}.Debug|STANDARDSDK_500 (ARMV4I).ActiveCfg = Debug|STANDARDSDK_500 (ARMV4I)
		{8172B53A-284B-4E4A-BCBA-CC75A2078B18}.Debug|STANDARDSDK_500 (ARMV4I).Build.0 = Debug|STANDARDSDK_500 (ARMV4I)
		{8172B53A-284B-4E4A-BCBA-CC75A2078B18}.Debug|STANDARDSDK_500 (ARMV4I).Deploy.0 = Debug|STANDARDSDK_500 (ARMV4I)
		{8172B53A-284B-4E4A-BCBA-CC75A2078B18}.Debug|Windows Mobile 5.0 Pocket PC SDK (ARMV4I).ActiveCfg = Debug|Windows Mobile 5.0 Pocket PC SDK (ARMV4I)
		{8172B53A-284B-4E4A-BCBA-CC75A2078B18}.Debug|Windows Mobile 5.0 Pocket PC SDK (ARMV4I).Build.0 = Debug|Windows Mobile 5.0 Pocket PC SDK (ARMV4I)
		{8172B53A-284B-4E4A-BCBA-CC75A2078B18}.Debug|Windows Mobile 5.0 Pocket PC SDK (ARMV4I).Deploy.0 = Debug|Windows Mobile 5.0 Pocket PC SDK (ARMV4I)
		{8172B53A-284B-4E4A-BCBA-CC75A2078B18}.Debug|Windows Mobile 5.0 Smartphone SDK (ARMV4I).ActiveCfg = Debug|Windows Mobile 5.0 Smartphone SDK (ARMV4I)
		{8172B53A-284B-4E4A-BCBA-CC75A2078B18}.Debug|Windows Mobile 5.0 Smartphone SDK (ARMV4I).Build.0 = Debug|Windows Mobile 5.0 Smartphone SDK (ARMV4I)
		{8172B53A-284B-4E4A-BCBA-CC75A2078B18}.Debug|Windows Mobile 5.0 Smartphone SDK (ARMV4I).Deploy.0 = Debug|Windows Mobile 5.0 Smartphone SDK (ARMV4I)
		{8172B53A-284B-4E4A-BCBA-CC75A2078B18}.Debug|Windows Mobile 6 Professional SDK (ARMV4I).ActiveCfg = Debug|Windows Mobile 6 Professional SDK (ARMV4I)
		{8172B53A-284B-4E4A-BCBA-CC75A2078B18}.Debug|Windows Mobile 6 Professional SDK (ARMV4I).Build.0 = Debug|Windows Mobile 6 Professional SDK (ARMV4I)
		{8172B53A-284B-4E4A-BCBA-CC75A2078B18}.Debug|Windows Mobile 6 Professional SDK (ARMV4I).Deploy.0 = Debug|Windows Mobile 6 Professional SDK (ARMV4I)
		{8172B53A-284B-4E4A-BCBA-CC75A2078B18}.Debug|Windows Mobile 6 Standard SDK (ARMV4I).ActiveCfg = Debug|Windows Mobile 6 Standard SDK (ARMV4I)
		{8172B53A-284B-4E4A-BCBA-CC75A2078B18}.Debug|Windows Mobile 6 Standard SDK (ARMV4I).Build.0 = Debug|Windows Mobile 6 Standard SDK (ARMV4I)
		{8172B53A-284B-4E4A-BCBA-CC75A2078B18}.Debug|Windows Mobile 6 Standard SDK (ARMV4I).Deploy.0 = Debug|Windows Mobile 6 Standard SDK (ARMV4I)
		{8172B53A-284B-4E4A-BCBA-CC75A2078B18}.Debug|Windows Mobile 6.5.3 Professional DTK (ARMV4I).ActiveCfg = Debug|Windows Mobile 6.5.3 Professional DTK (ARMV4I)
		{8172B53A-284B-4E4A-BCBA-CC75A2078B18}.Debug|Windows Mobile 6.5.3 Professional DTK (ARMV4I).Build.0 = Debug|Windows Mobile 6.5.3 Professional DTK (ARMV4I)
		{8172B53A-284B-4E4A-BCBA-CC75A2078B18}.Debug|Windows Mobile 6.5.3 Professional DTK (ARMV4I).Deploy.0 = Debug|Windows Mobile 6.5.3 Professional DTK (ARMV4I)
		{8172B53A-284B-4E4A-BCBA-CC75A2078B18}.Release|iCE-Premium (ARMV4I).ActiveCfg = Release|iCE-Premium (ARMV4I)
		{8172B53A-284B-4E4A-BCBA-CC75A2078B18}.Release|iCE-Premium (ARMV4I).Build.0 = Release|iCE-Premium (ARMV4I)
		{8172B53A-284B-4E4A-BCBA-CC75A2078B18}.Release|iCE-Premium (ARMV4I).Deploy.0 = Release|iCE-Premium (ARMV4I)
		{8172B53A-284B-4E4A-BCBA-CC75A2078B18}.Release|Motorola MC3100c60 Windows CE6.0 PSDK (ARMV4I).ActiveCfg = Release|Motorola MC3100c60 Windows CE6.0 PSDK (ARMV4I)
		{8172B53A-284B-4E4A-BCBA-CC75A2078B18}.Release|Motorola MC3100c60 Windows CE6.0 PSDK (ARMV4I).Build.0 = Release|Motorola MC3100c60 Windows CE6.0 PSDK (ARMV4I)
		{8172B53A-284B-4E4A-BCBA-CC75A2078B18}.Release|Motorola MC3100c60 Windows CE6.0 PSDK (ARMV4I).Deploy.0 = Release|Motorola MC3100c60 Windows CE6.0 PSDK (ARMV4I)
		{8172B53A-284B-4E4A-BCBA-CC75A2078B18}.Release|Pocket PC 2003 (ARMV4).ActiveCfg = Release|Pocket PC 2003 (ARMV4)
		{8172B53A-284B-4E4A-BCBA-CC75A2078B18}.Release|Pocket PC 2003 (ARMV4).Build.0 = Release|Pocket PC 2003 (ARMV4)
		{8172B53A-284B-4E4A-BCBA-CC75A2078B18}.Release|Pocket PC 2003 (ARMV4).Deploy.0 = Release|Pocket PC 2003 (ARMV4)
		{8172B53A-284B-4E4A-BCBA-CC75A2078B18}.Release|Smartphone 2003 (ARMV4).ActiveCfg = Release|Smartphone 2003 (ARMV4)
		{8172B53A-284B-4E4A-BCBA-CC75A2078B18}.Release|Smartphone 2003 (ARMV4).Build.0 = Release|Smartphone 2003 (ARMV4)
		{8172B53A-284B-4E4A-BCBA-CC75A2078B18}.Release|Smartphone 2003 (ARMV4).Deploy.0 = Release|Smartphone 2003 (ARMV4)
		{8172B53A-284B-4E4A-BCBA-CC75A2078B18}.Release|STANDARDSDK_420 (ARMV4I).ActiveCfg = Release|STANDARDSDK_420 (ARMV4I)
		{8172B53A-284B-4E4A-BCBA-CC75A2078B18}.Release|STANDARDSDK_420 (ARMV4I).Build.0 = Release|STANDARDSDK_420 (ARMV4I)
		{8172B53A-284B-4E4A-BCBA-CC75A2078B18}.Release|STANDARDSDK_420 (ARMV4I).Deploy.0 = Release|STANDARDSDK_420 (ARMV4I)
		{8172B53A-284B-4E4A-BCBA-CC75A2078B18}.Release|STANDARDSDK_500 (ARMV4I).ActiveCfg = Release|STANDARDSDK_500 (ARMV4I)
		{8172B53A-284B-4E4A-BCBA-CC75A2078B18}.Release|STANDARDSDK_500 (ARMV4I).Build.0 = Release|STANDARDSDK_500 (ARMV4I)
		{8172B53A-284B-4E4A-BCBA-CC75A2078B18}.Release|STANDARDSDK_500 (ARMV4I).Deploy.0 = Release|STANDARDSDK_500 (ARMV4I)
		{8172B53A-284B-4E4A-BCBA-CC75A2078B18}.Release|Windows Mobile 5.0 Pocket PC SDK (ARMV4I).ActiveCfg = Release|Windows Mobile 5.0 Pocket PC SDK (ARMV4I)
		{8172B53A-284B-4E4A-BCBA-CC75A2078B18}.Release|Windows Mobile 5.0 Pocket PC SDK (ARMV4I).Build.0 = Release|Windows Mobile 5.0 Pocket PC SDK (ARMV4I)
		{8172B53A-284B-4E4A-BCBA-CC75A2078B18}.Release|Windows Mobile 5.0 Pocket PC SDK (ARMV4I).Deploy.0 = Release|Windows Mobile 5.0 Pocket PC SDK (ARMV4I)
		{8172B53A-284B-4E4A-BCBA-CC75A2078B18}.Release|Windows Mobile 5.0 Smartphone SDK (ARMV4I).ActiveCfg = Release|Windows Mobile 5.0 Smartphone SDK (ARMV4I)
		{8172B53A-284B-4E4A-BCBA-CC75A2078B18}.Release|Windows Mobile 5.0 Smartphone SDK (ARMV4I).Build.0 = Release|Windows Mobile 5.0 Smartphone SDK (ARMV4I)
		{8172B53A-284B-4E4A-BCBA-CC75A2078B18}.Release|Windows Mobile 5.0 Smartphone SDK (ARMV4I).Deploy.0 = Release|Windows Mobile 5.0 Smartphone SDK (ARMV4I)
		{8172B53A-284B-4E4A-BCBA-CC75A2078B18}.Release|Windows Mobile 6 Professional SDK (ARMV4I).ActiveCfg = Release|Windows Mobile 6 Professional SDK (ARMV4I)
		{8172B53A-284B-4E4A-BCBA-CC75A2078B18}.Release|Windows Mobile 6 Professional SDK (ARMV4I).Build.0 = Release|Windows Mobile 6 Professional SDK (ARMV4I)
		{8172B53A-284B-4E4A-BCBA-CC75A2078B18}.Release|Windows Mobile 6 Professional SDK (ARMV4I).Deploy.0 = Release|Windows Mobile 6 Professional SDK (ARMV4I)
		{8172B53A-284B-4E4A-BCBA-CC75A2078B18}.Release|Windows Mobile 6 Standard SDK (ARMV4I).ActiveCfg = Release|Windows Mobile 6 Standard SDK (ARMV4I)
		{8172B53A-284B-4E4A-BCBA-CC75A2078B18}.Release|Windows Mobile 6 Standard SDK (ARMV4I).Build.0 = Release|Windows Mobile 6 Standard SDK (ARMV4I)
		{8172B53A-284B-4E4A-BCBA-CC75A2078B18}.Release|Windows Mobile 6 Standard SDK (ARMV4I).Deploy.0 = Release|Windows Mobile 6 Standard SDK (ARMV4I)
		{8172B53A-284B-4E4A-BCBA-CC75A2078B18}.Release|Windows Mobile 6.5.3 Professional DTK (ARMV4I).ActiveCfg = Release|Windows Mobile 6.5.3 Professional DTK (ARMV4I)
		{8172B53A-284B-4E4A-BCBA-CC75A2078B18}.Release|Windows Mobile 6.5.3 Professional DTK (ARMV4I).Build.0 = Release|Windows Mobile 6.5.3 Professional DTK (ARMV4I)
		{8172B53A-284B-4E4A-BCBA-CC75A2078B18}.Release|Windows Mobile 6.5.3 Professional DTK (ARMV4I).Deploy.0 = Release|Windows Mobile 6.5.3 Professional DTK (ARMV4I)
		{4FB8260A-E940-488A-BAC8-26E7127E9CC2}.Debug|iCE-Premium (ARMV4I).ActiveCfg = Debug|iCE-Premium (ARMV4I)
		{4FB8260A-E940-488A-BAC8-26E7127E9CC2}.Debug|iCE-Premium (ARMV4I).Build.0 = Debug|iCE-Premium (ARMV4I)
		{4FB8260A-E940-488A-BAC8-26E7127E9CC2}.Debug|iCE-Premium (ARMV4I).Deploy.0 = Debug|iCE-Premium (ARMV4I)
		{4FB8260A-E940-488A-BAC8-26E7127E9CC2}.Debug|Motorola MC3100c60 Windows CE6.0 PSDK (ARMV4I).ActiveCfg = Debug|Motorola MC3100c60 Windows CE6.0 PSDK (ARMV4I)
		{4FB8260A-E940-488A-BAC8-26E7127E9CC2}.Debug|Motorola MC3100c60 Windows CE6.0 PSDK (ARMV4I).Build.0 = Debug|Motorola MC3100c60 Windows CE6.0 PSDK (ARMV4I)
		{4FB8260A-E940-488A-BAC8-26E7127E9CC2}.Debug|Motorola MC3100c60 Windows CE6.0 PSDK (ARMV4I).Deploy.0 = Debug|Motorola MC3100c60 Windows CE6.0 PSDK (ARMV4I)
		{4FB8260A-E940-488A-BAC8-26E7127E9CC2}.Debug|Pocket PC 2003 (ARMV4).ActiveCfg = Debug|Pocket PC 2003 (ARMV4)
		{4FB8260A-E940-488A-BAC8-26E7127E9CC2}.Debug|Pocket PC 2003 (ARMV4).Build.0 = Debug|Pocket PC 2003 (ARMV4)
		{4FB8260A-E940-488A-BAC8-26E7127E9CC2}.Debug|Pocket PC 2003 (ARMV4).Deploy.0 = Debug|Pocket PC 2003 (ARMV4)
		{4FB8260A-E940-488A-BAC8-26E7127E9CC2}.Debug|Smartphone 2003 (ARMV4).ActiveCfg = Debug|Smartphone 2003 (ARMV4)
		{4FB8260A-E940-488A-BAC8-26E7127E9CC2}.Debug|Smartphone 2003 (ARMV4).Build.0 = Debug|Smartphone 2003 (ARMV4)
		{4FB8260A-E940-488A-BAC8-26E7127E9CC2}.Debug|Smartphone 2003 (ARMV4).Deploy.0 = Debug|Smartphone 2003 (ARMV4)
		{4FB8260A-E940-488A-BAC8-26E7127E9CC2}.Debug|STANDARDSDK_420 (ARMV4I).ActiveCfg = Debug|STANDARDSDK_420 (ARMV4I)
		{4FB8260A-E940-488A-BAC8-26E7127E9CC2}.Debug|STANDARDSDK_420 (ARMV4I).Build.0 = Debug|STANDARDSDK_420 (ARMV4I)
		{4FB8260A-E940-488A-BAC8-26E7127E9CC2}.Debug|STANDARDSDK_420 (ARMV4I).Deploy.0 = Debug|STANDARDSDK_420 (ARMV4I)
		{4FB8260A-E940-488A-BAC8-26E7127E9CC2}.Debug|STANDARDSDK_500 (ARMV4I).ActiveCfg = Debug|STANDARDSDK_500 (ARMV4I)
		{4FB8260A-E940-488A-BAC8-26E7127E9CC2}.Debug|STANDARDSDK_500 (ARMV4I).Build.0 = Debug|STANDARDSDK_500 (ARMV4I)
		{4FB8260A-E940-488A-BAC8-26E7127E9CC2}.Debug|STANDARDSDK_500 (ARMV4I).Deploy.0 = Debug|STANDARDSDK_500 (ARMV4I)
		{4FB8260A-E940-488A-BAC8-26E7127E9CC2}.Debug|Windows Mobile 5.0 Pocket PC SDK (ARMV4I).ActiveCfg = Debug|Windows Mobile 5.0 Pocket PC SDK (ARMV4I)
		{4FB8260A-E940-488A-BAC8-26E7127E9CC2}.Debug|Windows Mobile 5.0 Pocket PC SDK (ARMV4I).Build.0 = Debug|Windows Mobile 5.0 Pocket PC SDK (ARMV4I)
		{4FB8260A-E940-488A-BAC8-26E7127E9CC2}.Debug|Windows Mobile 5.0 Pocket PC SDK (ARMV4I).Deploy.0 = Debug|Windows Mobile 5.0 Pocket PC SDK (ARMV4I)
		{4FB8260A-E940-488A-BAC8-26E7127E9CC2}.Debug|Windows Mobile 5.0 Smartphone SDK (ARMV4I).ActiveCfg = Debug|Windows Mobile 5.0 Smartphone SDK (ARMV4I)
		{4FB8260A-E940-488A-BAC8-26E7127E9CC2}.Debug|Windows Mobile 5.0 Smartphone SDK (ARMV4I).Build.0 = Debug|Windows Mobile 5.0 Smartphone SDK (ARMV4I)
		{4FB8260A-E940-488A-BAC8-26E7127E9CC2}.Debug|Windows Mobile 5.0 Smartphone SDK (ARMV4I).Deploy.0 = Debug|Windows Mobile 5.0 Smartphone SDK (ARMV4I)
		{4FB8260A-E940-488A-BAC8-26E7127E9CC2}.Debug|Windows Mobile 6 Professional SDK (ARMV4I).ActiveCfg = Debug|Windows Mobile 6 Professional SDK (ARMV4I)
		{4FB8260A-E940-488A-BAC8-26E7127E9CC2}.Debug|Windows Mobile 6 Professional SDK (ARMV4I).Build.0 = Debug|Windows Mobile 6 Professional SDK (ARMV4I)
		{4FB8260A-E940-488A-BAC8-26E7127E9CC2}.Debug|Windows Mobile 6 Professional SDK (ARMV4I).Deploy.0 = Debug|Windows Mobile 6 Professional SDK (ARMV4I)
		{4FB8260A-E940-488A-BAC8-26E7127E9CC2}.Debug|Windows Mobile 6 Standard SDK (ARMV4I).ActiveCfg = Debug|Windows Mobile 6 Standard SDK (ARMV4I)
		{4FB8260A-E940-488A-BAC8-26E7127E9CC2}.Debug|Windows Mobile 6 Standard SDK (ARMV4I).Build.0 = Debug|Windows Mobile 6 Standard SDK (ARMV4I)
		{4FB8260A-E940-488A-BAC8-26E7127E9CC2}.Debug|Windows Mobile 6 Standard SDK (ARMV4I).Deploy.0 = Debug|Windows Mobile 6 Standard SDK (ARMV4I)
		{4FB8260A-E940-488A-BAC8-26E7127E9CC2}.Debug|Windows Mobile 6.5.3 Professional DTK (ARMV4I).ActiveCfg = Debug|Windows Mobile 6.5.3 Professional DTK (ARMV4I)
		{4FB8260A-E940-488A-BAC8-26E7127E9CC2}.Debug|Windows Mobile 6.5.3 Professional DTK (ARMV4I).Build.0 = Debug|Windows Mobile 6.5.3 Professional DTK (ARMV4I)
		{4FB8260A-E940-488A-BAC8-26E7127E9CC2}.Debug|Windows Mobile 6.5.3 Professional DTK (ARMV4I).Deploy.0 = Debug|Windows Mobile 6.5.3 Professional DTK (ARMV4I)
		{4FB8260A-E940-488A-BAC8-26E7127E9CC2}.Release|iCE-Premium (ARMV4I).ActiveCfg = Release|iCE-Premium (ARMV4I)
		{4FB8260A-E940-488A-BAC8-26E7127E9CC2}.Release|iCE-Premium (ARMV4I).Build.0 = Release|iCE-Premium (ARMV4I)
		{4FB8260A-E940-488A-BAC8-26E7127E9CC2}.Release|iCE-Premium (ARMV4I).Deploy.0 = Release|iCE-Premium (ARMV4I)
		{4FB8260A-E940-488A-BAC8-26E7127E9CC2}.Release|Motorola MC3100c60 Windows CE6.0 PSDK (ARMV4I).ActiveCfg = Release|Motorola MC3100c60 Windows CE6.0 PSDK (ARMV4I)
		{4FB8260A-E940-488A-BAC8-26E7127E9CC2}.Release|Motorola MC3100c60 Windows CE6.0 PSDK (ARMV4I).Build.0 = Release|Motorola MC3100c60 Windows CE6.0 PSDK (ARMV4I)
		{4FB8260A-E940-488A-BAC8-26E7127E9CC2}.Release|Motorola MC3100c60 Windows CE6.0 PSDK (ARMV4I).Deploy.0 = Release|Motorola MC3100c60 Windows CE6.0 PSDK (ARMV4I)
		{4FB8260A-E940-488A-BAC8-26E7127E9CC2}.Release|Pocket PC 2003 (ARMV4).ActiveCfg = Release|Pocket PC 2003 (ARMV4)
		{4FB8260A-E940-488A-BAC8-26E7127E9CC2}.Release|Pocket PC 2003 (ARMV4).Build.0 = Release|Pocket PC 2003 (ARMV4)
		{4FB8260A-E940-488A-BAC8-26E7127E9CC2}.Release|Pocket PC 2003 (ARMV4).Deploy.0 = Release|Pocket PC 2003 (ARMV4)
		{4FB8260A-E940-488A-BAC8-26E7127E9CC2}.Release|Smartphone 2003 (ARMV4).ActiveCfg = Release|Smartphone 2003 (ARMV4)
		{4FB8260A-E940-488A-BAC8-26E7127E9CC2}.Release|Smartphone 2003 (ARMV4).Build.0 = Release|Smartphone 2003 (ARMV4)
		{4FB8260A-E940-488A-BAC8-26E7127E9CC2}.Release|Smartphone 2003 (ARMV4).Deploy.0 = Release|Smartphone 2003 (ARMV4)
		{4FB8260A-E940-488A-BAC8-26E7127E9CC2}.Release|STANDARDSDK_420 (ARMV4I).ActiveCfg = Release|STANDARDSDK_420 (ARMV4I)
		{4FB8260A-E940-488A-BAC8-26E7127E9CC2}.Release|STANDARDSDK_420 (ARMV4I).Build.0 = Release|STANDARDSDK_420 (ARMV4I)
		{4FB8260A-E940-488A-BAC8-26E7127E9CC2}.Release|STANDARDSDK_420 (ARMV4I).Deploy.0 = Release|STANDARDSDK_420 (ARMV4I)
		{4FB8260A-E940-488A-BAC8-26E7127E9CC2}.Release|STANDARDSDK_500 (ARMV4I).ActiveCfg = Release|STANDARDSDK_500 (ARMV4I)
		{4FB8260A-E940-488A-BAC8-26E7127E9CC2}.Release|STANDARDSDK_500 (ARMV4I).Build.0 = Release|STANDARDSDK_500 (ARMV4I)
		{4FB8260A-E940-488A-BAC8-26E7127E9CC2}.Release|STANDARDSDK_500 (ARMV4I).Deploy.0 = Release|STANDARDSDK_500 (ARMV4I)
		{4FB8260A-E940-488A-BAC8-26E7127E9CC2}.Release|Windows Mobile 5.0 Pocket PC SDK (ARMV4I).ActiveCfg = Release|Windows Mobile 5.0 Pocket PC SDK (ARMV4I)
		{4FB8260A-E940-488A-BAC8-26E7127E9CC2}.Release|Windows Mobile 5.0 Pocket PC SDK (ARMV4I).Build.0 = Release|Windows Mobile 5.0 Pocket PC SDK (ARMV4I)
		{4FB8260A-E940-488A-BAC8-26E7127E9CC2}.Release|Windows Mobile 5.0 Pocket PC SDK (ARMV4I).Deploy.0 = Release|Windows Mobile 5.0 Pocket PC SDK (ARMV4I)
		{4FB8260A-E940-488A-BAC8-26E7127E9CC2}.Release|Windows Mobile 5.0 Smartphone SDK (ARMV4I).ActiveCfg = Release|Windows Mobile 5.0 Smartphone SDK (ARMV4I)
		{4FB8260A-E940-488A-BAC8-26E7127E9CC2}.Release|Windows Mobile 5.0 Smartphone SDK (ARMV4I).Build.0 = Release|Windows Mobile 5.0 Smartphone SDK (ARMV4I)
		{4FB8260A-E940-488A-BAC8-26E7127E9CC2}.Release|Windows Mobile 5.0 Smartphone SDK (ARMV4I).Deploy.0 = Release|Windows Mobile 5.0 Smartphone SDK (ARMV4I)
		{4FB8260A-E940-488A-BAC8-26E7127E9CC2}.Release|Windows Mobile 6 Professional SDK (ARMV4I).ActiveCfg = Release|Windows Mobile 6 Professional SDK (ARMV4I)
		{4FB8260A-E940-488A-BAC8-26E7127E9CC2}.Release|Windows Mobile 6 Professional SDK (ARMV4I).Build.0 = Release|Windows Mobile 6 Professional SDK (ARMV4I)
		{4FB8260A-E940-488A-BAC8-26E7127E9CC2}.Release|Windows Mobile 6 Professional SDK (ARMV4I).Deploy.0 = Release|Windows Mobile 6 Professional SDK (ARMV4I)
		{4FB8260A-E940-488A-BAC8-26E7127E9CC2}.Release|Windows Mobile 6 Standard SDK (ARMV4I).ActiveCfg = Release|Windows Mobile 6 Standard SDK (ARMV4I)
		{4FB8260A-E940-488A-BAC8-26E7127E9CC2}.Release|Windows Mobile 6 Standard SDK (ARMV4I).Build.0 = Release|Windows Mobile 6 Standard SDK (ARMV4I)
		{4FB8260A-E940-488A-BAC8-26E7127E9CC2}.Release|Windows Mobile 6 Standard SDK (ARMV4I).Deploy.0 = Release|Windows Mobile 6 Standard SDK (ARMV4I)
		{4FB8260A-E940-488A-BAC8-26E7127E9CC2}.Release|Windows Mobile 6.5.3 Professional DTK (ARMV4I).ActiveCfg = Release|Windows Mobile 6.5.3 Professional DTK (ARMV4I)
		{4FB8260A-E940-488A-BAC8-26E7127E9CC2}.Release|Windows Mobile 6.5.3 Professional DTK (ARMV4I).Build.0 = Release|Windows Mobile 6.5.3 Professional DTK (ARMV4I)
		{4FB8260A-E940-488A-BAC8-26E7127E9CC2}.Release|Windows Mobile 6.5.3 Professional DTK (ARMV4I).Deploy.0 = Release|Windows Mobile 6.5.3 Professional DTK (ARMV4I)
	EndGlobalSection
	GlobalSection(SolutionProperties) = preSolution
		HideSolutionNode = FALSE
	EndGlobalSection
EndGlobal
